
Microsoft Visual Studio Solution File, Format Version 12.00
# Visual Studio Version 16
VisualStudioVersion = 16.0.30114.105
MinimumVisualStudioVersion = 10.0.40219.1
Project("{FAE04EC0-301F-11D3-BF4B-00C04F79EFBC}") = "DecoderPrintLiteView", "DecoderPrintLiteView\DecoderPrintLiteView.csproj", "{8571CE2D-D117-42FB-8626-67280686EF73}"
EndProject
Project("{FAE04EC0-301F-11D3-BF4B-00C04F79EFBC}") = "DecoderPrintLiteLibs", "DecoderPrintLiteLibs\DecoderPrintLiteLibs.csproj", "{108A0411-A82F-4D85-9311-0BF08894E6CF}"
EndProject
Project("{FAE04EC0-301F-11D3-BF4B-00C04F79EFBC}") = "UnitTestsProject", "UnitTestsProject\UnitTestsProject.csproj", "{275C3F48-9BD0-470F-A8BE-A9E6845103DE}"
EndProject
Global
	GlobalSection(SolutionConfigurationPlatforms) = preSolution
		Debug|Any CPU = Debug|Any CPU
		Release|Any CPU = Release|Any CPU
	EndGlobalSection
	GlobalSection(SolutionProperties) = preSolution
		HideSolutionNode = FALSE
	EndGlobalSection
	GlobalSection(ProjectConfigurationPlatforms) = postSolution
		{8571CE2D-D117-42FB-8626-67280686EF73}.Debug|Any CPU.ActiveCfg = Debug|Any CPU
		{8571CE2D-D117-42FB-8626-67280686EF73}.Debug|Any CPU.Build.0 = Debug|Any CPU
		{8571CE2D-D117-42FB-8626-67280686EF73}.Release|Any CPU.ActiveCfg = Release|Any CPU
		{8571CE2D-D117-42FB-8626-67280686EF73}.Release|Any CPU.Build.0 = Release|Any CPU
		{108A0411-A82F-4D85-9311-0BF08894E6CF}.Debug|Any CPU.ActiveCfg = Debug|Any CPU
		{108A0411-A82F-4D85-9311-0BF08894E6CF}.Debug|Any CPU.Build.0 = Debug|Any CPU
		{108A0411-A82F-4D85-9311-0BF08894E6CF}.Release|Any CPU.ActiveCfg = Release|Any CPU
		{108A0411-A82F-4D85-9311-0BF08894E6CF}.Release|Any CPU.Build.0 = Release|Any CPU
		{275C3F48-9BD0-470F-A8BE-A9E6845103DE}.Debug|Any CPU.ActiveCfg = Debug|Any CPU
		{275C3F48-9BD0-470F-A8BE-A9E6845103DE}.Debug|Any CPU.Build.0 = Debug|Any CPU
		{275C3F48-9BD0-470F-A8BE-A9E6845103DE}.Release|Any CPU.ActiveCfg = Release|Any CPU
		{275C3F48-9BD0-470F-A8BE-A9E6845103DE}.Release|Any CPU.Build.0 = Release|Any CPU
	EndGlobalSection
EndGlobal
